
Microsoft Visual Studio Solution File, Format Version 12.00
# Visual Studio Version 17
VisualStudioVersion = 17.4.33213.308
MinimumVisualStudioVersion = 10.0.40219.1
Project("{FAE04EC0-301F-11D3-BF4B-00C04F79EFBC}") = "p2p1", "p2p1\p2p1.csproj", "{94F1CBE9-44C2-4E65-8B85-11968D45832D}"
EndProject
Global
	GlobalSection(SolutionConfigurationPlatforms) = preSolution
		Debug|Any CPU = Debug|Any CPU
		Release|Any CPU = Release|Any CPU
	EndGlobalSection
	GlobalSection(ProjectConfigurationPlatforms) = postSolution
		{94F1CBE9-44C2-4E65-8B85-11968D45832D}.Debug|Any CPU.ActiveCfg = Debug|Any CPU
		{94F1CBE9-44C2-4E65-8B85-11968D45832D}.Debug|Any CPU.Build.0 = Debug|Any CPU
		{94F1CBE9-44C2-4E65-8B85-11968D45832D}.Release|Any CPU.ActiveCfg = Release|Any CPU
		{94F1CBE9-44C2-4E65-8B85-11968D45832D}.Release|Any CPU.Build.0 = Release|Any CPU
	EndGlobalSection
	GlobalSection(SolutionProperties) = preSolution
		HideSolutionNode = FALSE
	EndGlobalSection
	GlobalSection(ExtensibilityGlobals) = postSolution
		SolutionGuid = {FF69156C-05B6-46A2-A0BE-0F71C18D1FEE}
	EndGlobalSection
EndGlobal
